
Microsoft Visual Studio Solution File, Format Version 12.00
# Visual Studio 15
VisualStudioVersion = 15.0.26403.7
MinimumVisualStudioVersion = 10.0.40219.1
Project("{FAE04EC0-301F-11D3-BF4B-00C04F79EFBC}") = "AzureServiceBusDotnetIssue284Example", "AzureServiceBusDotnetIssue284Example\AzureServiceBusDotnetIssue284Example.csproj", "{BB359E4A-7E6F-4766-8056-1E3BD3E8C40F}"
EndProject
Project("{FAE04EC0-301F-11D3-BF4B-00C04F79EFBC}") = "AzureServiceBusDotnetIssue284ExampleApp", "AzureServiceBusDotnetIssue284ExampleApp\AzureServiceBusDotnetIssue284ExampleApp.csproj", "{9113453B-EEBA-40CD-95C4-617F6B2BC377}"
EndProject
Global
	GlobalSection(SolutionConfigurationPlatforms) = preSolution
		Debug|Any CPU = Debug|Any CPU
		Release|Any CPU = Release|Any CPU
	EndGlobalSection
	GlobalSection(ProjectConfigurationPlatforms) = postSolution
		{BB359E4A-7E6F-4766-8056-1E3BD3E8C40F}.Debug|Any CPU.ActiveCfg = Debug|Any CPU
		{BB359E4A-7E6F-4766-8056-1E3BD3E8C40F}.Debug|Any CPU.Build.0 = Debug|Any CPU
		{BB359E4A-7E6F-4766-8056-1E3BD3E8C40F}.Release|Any CPU.ActiveCfg = Release|Any CPU
		{BB359E4A-7E6F-4766-8056-1E3BD3E8C40F}.Release|Any CPU.Build.0 = Release|Any CPU
		{9113453B-EEBA-40CD-95C4-617F6B2BC377}.Debug|Any CPU.ActiveCfg = Debug|Any CPU
		{9113453B-EEBA-40CD-95C4-617F6B2BC377}.Debug|Any CPU.Build.0 = Debug|Any CPU
		{9113453B-EEBA-40CD-95C4-617F6B2BC377}.Release|Any CPU.ActiveCfg = Release|Any CPU
		{9113453B-EEBA-40CD-95C4-617F6B2BC377}.Release|Any CPU.Build.0 = Release|Any CPU
	EndGlobalSection
	GlobalSection(SolutionProperties) = preSolution
		HideSolutionNode = FALSE
	EndGlobalSection
EndGlobal
